
Microsoft Visual Studio Solution File, Format Version 12.00
# Visual Studio Version 17
VisualStudioVersion = 17.5.33516.290
MinimumVisualStudioVersion = 10.0.40219.1
Project("{9A19103F-16F7-4668-BE54-9A1E7A4F7556}") = "WIApi", "WIApi\WIApi.csproj", "{8497E138-CF08-4EC3-AF66-14EB8EE50FDE}"
EndProject
Project("{9A19103F-16F7-4668-BE54-9A1E7A4F7556}") = "DB", "Database\DB.csproj", "{3D2A6E3D-5B90-4FF0-BDC8-0E8F466A7F9A}"
EndProject
Project("{9A19103F-16F7-4668-BE54-9A1E7A4F7556}") = "BusinessLogic", "BusinessLogic\BusinessLogic.csproj", "{5229BB1E-E4AF-4F20-B148-A2027C36D59D}"
EndProject
Project("{FAE04EC0-301F-11D3-BF4B-00C04F79EFBC}") = "BusinessLogic.Tests", "BusinessLogic.Tests\BusinessLogic.Tests.csproj", "{25528162-92E2-4CEC-95F9-D249588ED1BB}"
EndProject
Global
	GlobalSection(SolutionConfigurationPlatforms) = preSolution
		Debug|Any CPU = Debug|Any CPU
		Release|Any CPU = Release|Any CPU
	EndGlobalSection
	GlobalSection(ProjectConfigurationPlatforms) = postSolution
		{8497E138-CF08-4EC3-AF66-14EB8EE50FDE}.Debug|Any CPU.ActiveCfg = Debug|Any CPU
		{8497E138-CF08-4EC3-AF66-14EB8EE50FDE}.Debug|Any CPU.Build.0 = Debug|Any CPU
		{8497E138-CF08-4EC3-AF66-14EB8EE50FDE}.Release|Any CPU.ActiveCfg = Release|Any CPU
		{8497E138-CF08-4EC3-AF66-14EB8EE50FDE}.Release|Any CPU.Build.0 = Release|Any CPU
		{3D2A6E3D-5B90-4FF0-BDC8-0E8F466A7F9A}.Debug|Any CPU.ActiveCfg = Debug|Any CPU
		{3D2A6E3D-5B90-4FF0-BDC8-0E8F466A7F9A}.Debug|Any CPU.Build.0 = Debug|Any CPU
		{3D2A6E3D-5B90-4FF0-BDC8-0E8F466A7F9A}.Release|Any CPU.ActiveCfg = Release|Any CPU
		{3D2A6E3D-5B90-4FF0-BDC8-0E8F466A7F9A}.Release|Any CPU.Build.0 = Release|Any CPU
		{5229BB1E-E4AF-4F20-B148-A2027C36D59D}.Debug|Any CPU.ActiveCfg = Debug|Any CPU
		{5229BB1E-E4AF-4F20-B148-A2027C36D59D}.Debug|Any CPU.Build.0 = Debug|Any CPU
		{5229BB1E-E4AF-4F20-B148-A2027C36D59D}.Release|Any CPU.ActiveCfg = Release|Any CPU
		{5229BB1E-E4AF-4F20-B148-A2027C36D59D}.Release|Any CPU.Build.0 = Release|Any CPU
		{25528162-92E2-4CEC-95F9-D249588ED1BB}.Debug|Any CPU.ActiveCfg = Debug|Any CPU
		{25528162-92E2-4CEC-95F9-D249588ED1BB}.Debug|Any CPU.Build.0 = Debug|Any CPU
		{25528162-92E2-4CEC-95F9-D249588ED1BB}.Release|Any CPU.ActiveCfg = Release|Any CPU
		{25528162-92E2-4CEC-95F9-D249588ED1BB}.Release|Any CPU.Build.0 = Release|Any CPU
	EndGlobalSection
	GlobalSection(SolutionProperties) = preSolution
		HideSolutionNode = FALSE
	EndGlobalSection
	GlobalSection(ExtensibilityGlobals) = postSolution
		SolutionGuid = {5A33B167-BC68-4771-8D17-D828387BDC05}
	EndGlobalSection
EndGlobal
